
Microsoft Visual Studio Solution File, Format Version 12.00
# Visual Studio Version 17
VisualStudioVersion = 17.7.34009.444
MinimumVisualStudioVersion = 10.0.40219.1
Project("{FAE04EC0-301F-11D3-BF4B-00C04F79EFBC}") = "projectKatya", "projectKatya\projectKatya.csproj", "{D2EBB56F-323A-48A4-BB19-67483F33B21E}"
EndProject
Project("{FAE04EC0-301F-11D3-BF4B-00C04F79EFBC}") = "projectKatya.Revit.Shared", "projectKatya.Revit.Shared\projectKatya.Revit.Shared.csproj", "{1D5C0DA9-607E-4AC1-B69A-DEFB3192EBA4}"
EndProject
Global
	GlobalSection(SolutionConfigurationPlatforms) = preSolution
		Debug|Any CPU = Debug|Any CPU
		Release|Any CPU = Release|Any CPU
	EndGlobalSection
	GlobalSection(ProjectConfigurationPlatforms) = postSolution
		{D2EBB56F-323A-48A4-BB19-67483F33B21E}.Debug|Any CPU.ActiveCfg = Debug|Any CPU
		{D2EBB56F-323A-48A4-BB19-67483F33B21E}.Debug|Any CPU.Build.0 = Debug|Any CPU
		{D2EBB56F-323A-48A4-BB19-67483F33B21E}.Release|Any CPU.ActiveCfg = Release|Any CPU
		{D2EBB56F-323A-48A4-BB19-67483F33B21E}.Release|Any CPU.Build.0 = Release|Any CPU
		{1D5C0DA9-607E-4AC1-B69A-DEFB3192EBA4}.Debug|Any CPU.ActiveCfg = Debug|Any CPU
		{1D5C0DA9-607E-4AC1-B69A-DEFB3192EBA4}.Debug|Any CPU.Build.0 = Debug|Any CPU
		{1D5C0DA9-607E-4AC1-B69A-DEFB3192EBA4}.Release|Any CPU.ActiveCfg = Release|Any CPU
		{1D5C0DA9-607E-4AC1-B69A-DEFB3192EBA4}.Release|Any CPU.Build.0 = Release|Any CPU
	EndGlobalSection
	GlobalSection(SolutionProperties) = preSolution
		HideSolutionNode = FALSE
	EndGlobalSection
	GlobalSection(ExtensibilityGlobals) = postSolution
		SolutionGuid = {69F7A56B-18C6-4D26-B9CF-7F0E06BC0E7A}
	EndGlobalSection
EndGlobal
